
Microsoft Visual Studio Solution File, Format Version 12.00
# Visual Studio Version 16
VisualStudioVersion = 16.0.31112.23
MinimumVisualStudioVersion = 10.0.40219.1
Project("{9A19103F-16F7-4668-BE54-9A1E7A4F7556}") = "YOLO", "YOLO\YOLO.csproj", "{89DB9FAA-8385-4F88-A297-CDAE7FB363CC}"
EndProject
Project("{9A19103F-16F7-4668-BE54-9A1E7A4F7556}") = "ProphetFront", "ProphetFront\ProphetFront.csproj", "{499D9381-0868-45AF-925B-EBD4E2B28AC7}"
	ProjectSection(ProjectDependencies) = postProject
		{BFB16FDF-C030-4FFD-A09C-1B3A8A46FAD9} = {BFB16FDF-C030-4FFD-A09C-1B3A8A46FAD9}
	EndProjectSection
EndProject
Project("{9A19103F-16F7-4668-BE54-9A1E7A4F7556}") = "ProphetBack", "ProphetBack\ProphetBack.csproj", "{BFB16FDF-C030-4FFD-A09C-1B3A8A46FAD9}"
EndProject
Project("{9A19103F-16F7-4668-BE54-9A1E7A4F7556}") = "DataBase", "DataBase\DataBase.csproj", "{DF46D0CB-DC4D-4B5B-B24C-E3204341E115}"
EndProject
Global
	GlobalSection(SolutionConfigurationPlatforms) = preSolution
		Debug|Any CPU = Debug|Any CPU
		Release|Any CPU = Release|Any CPU
	EndGlobalSection
	GlobalSection(ProjectConfigurationPlatforms) = postSolution
		{89DB9FAA-8385-4F88-A297-CDAE7FB363CC}.Debug|Any CPU.ActiveCfg = Debug|Any CPU
		{89DB9FAA-8385-4F88-A297-CDAE7FB363CC}.Debug|Any CPU.Build.0 = Debug|Any CPU
		{89DB9FAA-8385-4F88-A297-CDAE7FB363CC}.Release|Any CPU.ActiveCfg = Release|Any CPU
		{89DB9FAA-8385-4F88-A297-CDAE7FB363CC}.Release|Any CPU.Build.0 = Release|Any CPU
		{499D9381-0868-45AF-925B-EBD4E2B28AC7}.Debug|Any CPU.ActiveCfg = Debug|Any CPU
		{499D9381-0868-45AF-925B-EBD4E2B28AC7}.Debug|Any CPU.Build.0 = Debug|Any CPU
		{499D9381-0868-45AF-925B-EBD4E2B28AC7}.Release|Any CPU.ActiveCfg = Release|Any CPU
		{499D9381-0868-45AF-925B-EBD4E2B28AC7}.Release|Any CPU.Build.0 = Release|Any CPU
		{BFB16FDF-C030-4FFD-A09C-1B3A8A46FAD9}.Debug|Any CPU.ActiveCfg = Debug|Any CPU
		{BFB16FDF-C030-4FFD-A09C-1B3A8A46FAD9}.Debug|Any CPU.Build.0 = Debug|Any CPU
		{BFB16FDF-C030-4FFD-A09C-1B3A8A46FAD9}.Release|Any CPU.ActiveCfg = Release|Any CPU
		{BFB16FDF-C030-4FFD-A09C-1B3A8A46FAD9}.Release|Any CPU.Build.0 = Release|Any CPU
		{DF46D0CB-DC4D-4B5B-B24C-E3204341E115}.Debug|Any CPU.ActiveCfg = Debug|Any CPU
		{DF46D0CB-DC4D-4B5B-B24C-E3204341E115}.Debug|Any CPU.Build.0 = Debug|Any CPU
		{DF46D0CB-DC4D-4B5B-B24C-E3204341E115}.Release|Any CPU.ActiveCfg = Release|Any CPU
		{DF46D0CB-DC4D-4B5B-B24C-E3204341E115}.Release|Any CPU.Build.0 = Release|Any CPU
	EndGlobalSection
	GlobalSection(SolutionProperties) = preSolution
		HideSolutionNode = FALSE
	EndGlobalSection
	GlobalSection(ExtensibilityGlobals) = postSolution
		SolutionGuid = {C4C3B802-2954-4F70-BB2F-F9B4CD4C6D27}
	EndGlobalSection
EndGlobal
